
Microsoft Visual Studio Solution File, Format Version 12.00
# Visual Studio 15
VisualStudioVersion = 15.0.26124.0
MinimumVisualStudioVersion = 15.0.26124.0
Project("{FAE04EC0-301F-11D3-BF4B-00C04F79EFBC}") = "FlixOne.InventoryManagement", "FlixOne.InventoryManagement\FlixOne.InventoryManagement.csproj", "{AFAEDFB3-A3F9-4170-85A4-4CAAD17D273C}"
EndProject
Project("{FAE04EC0-301F-11D3-BF4B-00C04F79EFBC}") = "FlixOne.InventoryManagementClient", "FlixOne.InventoryManagementClient\FlixOne.InventoryManagementClient.csproj", "{A9A9850E-215F-4088-8D81-6ABC710A8AAF}"
EndProject
Project("{FAE04EC0-301F-11D3-BF4B-00C04F79EFBC}") = "FlixOne.InventoryManagementTests", "FlixOne.InventoryManagementTests\FlixOne.InventoryManagementTests.csproj", "{2639CB1E-7F64-4E8C-8F08-0BE3A0AF6D36}"
EndProject
Global
	GlobalSection(SolutionConfigurationPlatforms) = preSolution
		Debug|Any CPU = Debug|Any CPU
		Debug|x64 = Debug|x64
		Debug|x86 = Debug|x86
		Release|Any CPU = Release|Any CPU
		Release|x64 = Release|x64
		Release|x86 = Release|x86
	EndGlobalSection
	GlobalSection(SolutionProperties) = preSolution
		HideSolutionNode = FALSE
	EndGlobalSection
	GlobalSection(ProjectConfigurationPlatforms) = postSolution
		{AFAEDFB3-A3F9-4170-85A4-4CAAD17D273C}.Debug|Any CPU.ActiveCfg = Debug|Any CPU
		{AFAEDFB3-A3F9-4170-85A4-4CAAD17D273C}.Debug|Any CPU.Build.0 = Debug|Any CPU
		{AFAEDFB3-A3F9-4170-85A4-4CAAD17D273C}.Debug|x64.ActiveCfg = Debug|Any CPU
		{AFAEDFB3-A3F9-4170-85A4-4CAAD17D273C}.Debug|x64.Build.0 = Debug|Any CPU
		{AFAEDFB3-A3F9-4170-85A4-4CAAD17D273C}.Debug|x86.ActiveCfg = Debug|Any CPU
		{AFAEDFB3-A3F9-4170-85A4-4CAAD17D273C}.Debug|x86.Build.0 = Debug|Any CPU
		{AFAEDFB3-A3F9-4170-85A4-4CAAD17D273C}.Release|Any CPU.ActiveCfg = Release|Any CPU
		{AFAEDFB3-A3F9-4170-85A4-4CAAD17D273C}.Release|Any CPU.Build.0 = Release|Any CPU
		{AFAEDFB3-A3F9-4170-85A4-4CAAD17D273C}.Release|x64.ActiveCfg = Release|Any CPU
		{AFAEDFB3-A3F9-4170-85A4-4CAAD17D273C}.Release|x64.Build.0 = Release|Any CPU
		{AFAEDFB3-A3F9-4170-85A4-4CAAD17D273C}.Release|x86.ActiveCfg = Release|Any CPU
		{AFAEDFB3-A3F9-4170-85A4-4CAAD17D273C}.Release|x86.Build.0 = Release|Any CPU
		{A9A9850E-215F-4088-8D81-6ABC710A8AAF}.Debug|Any CPU.ActiveCfg = Debug|Any CPU
		{A9A9850E-215F-4088-8D81-6ABC710A8AAF}.Debug|Any CPU.Build.0 = Debug|Any CPU
		{A9A9850E-215F-4088-8D81-6ABC710A8AAF}.Debug|x64.ActiveCfg = Debug|Any CPU
		{A9A9850E-215F-4088-8D81-6ABC710A8AAF}.Debug|x64.Build.0 = Debug|Any CPU
		{A9A9850E-215F-4088-8D81-6ABC710A8AAF}.Debug|x86.ActiveCfg = Debug|Any CPU
		{A9A9850E-215F-4088-8D81-6ABC710A8AAF}.Debug|x86.Build.0 = Debug|Any CPU
		{A9A9850E-215F-4088-8D81-6ABC710A8AAF}.Release|Any CPU.ActiveCfg = Release|Any CPU
		{A9A9850E-215F-4088-8D81-6ABC710A8AAF}.Release|Any CPU.Build.0 = Release|Any CPU
		{A9A9850E-215F-4088-8D81-6ABC710A8AAF}.Release|x64.ActiveCfg = Release|Any CPU
		{A9A9850E-215F-4088-8D81-6ABC710A8AAF}.Release|x64.Build.0 = Release|Any CPU
		{A9A9850E-215F-4088-8D81-6ABC710A8AAF}.Release|x86.ActiveCfg = Release|Any CPU
		{A9A9850E-215F-4088-8D81-6ABC710A8AAF}.Release|x86.Build.0 = Release|Any CPU
		{2639CB1E-7F64-4E8C-8F08-0BE3A0AF6D36}.Debug|Any CPU.ActiveCfg = Debug|Any CPU
		{2639CB1E-7F64-4E8C-8F08-0BE3A0AF6D36}.Debug|Any CPU.Build.0 = Debug|Any CPU
		{2639CB1E-7F64-4E8C-8F08-0BE3A0AF6D36}.Debug|x64.ActiveCfg = Debug|Any CPU
		{2639CB1E-7F64-4E8C-8F08-0BE3A0AF6D36}.Debug|x64.Build.0 = Debug|Any CPU
		{2639CB1E-7F64-4E8C-8F08-0BE3A0AF6D36}.Debug|x86.ActiveCfg = Debug|Any CPU
		{2639CB1E-7F64-4E8C-8F08-0BE3A0AF6D36}.Debug|x86.Build.0 = Debug|Any CPU
		{2639CB1E-7F64-4E8C-8F08-0BE3A0AF6D36}.Release|Any CPU.ActiveCfg = Release|Any CPU
		{2639CB1E-7F64-4E8C-8F08-0BE3A0AF6D36}.Release|Any CPU.Build.0 = Release|Any CPU
		{2639CB1E-7F64-4E8C-8F08-0BE3A0AF6D36}.Release|x64.ActiveCfg = Release|Any CPU
		{2639CB1E-7F64-4E8C-8F08-0BE3A0AF6D36}.Release|x64.Build.0 = Release|Any CPU
		{2639CB1E-7F64-4E8C-8F08-0BE3A0AF6D36}.Release|x86.ActiveCfg = Release|Any CPU
		{2639CB1E-7F64-4E8C-8F08-0BE3A0AF6D36}.Release|x86.Build.0 = Release|Any CPU
	EndGlobalSection
EndGlobal
